﻿
Microsoft Visual Studio Solution File, Format Version 12.00
# Visual Studio Version 16
VisualStudioVersion = 16.0.30330.147
MinimumVisualStudioVersion = 10.0.40219.1
Project("{9A19103F-16F7-4668-BE54-9A1E7A4F7556}") = "DjSpot", "DjSpot\DjSpot.csproj", "{2F3D5692-B95A-43D2-AAA8-077BB9002D02}"
EndProject
Global
	GlobalSection(SolutionConfigurationPlatforms) = preSolution
		Debug|Any CPU = Debug|Any CPU
		Release|Any CPU = Release|Any CPU
	EndGlobalSection
	GlobalSection(ProjectConfigurationPlatforms) = postSolution
		{2F3D5692-B95A-43D2-AAA8-077BB9002D02}.Debug|Any CPU.ActiveCfg = Debug|Any CPU
		{2F3D5692-B95A-43D2-AAA8-077BB9002D02}.Debug|Any CPU.Build.0 = Debug|Any CPU
		{2F3D5692-B95A-43D2-AAA8-077BB9002D02}.Release|Any CPU.ActiveCfg = Release|Any CPU
		{2F3D5692-B95A-43D2-AAA8-077BB9002D02}.Release|Any CPU.Build.0 = Release|Any CPU
	EndGlobalSection
	GlobalSection(SolutionProperties) = preSolution
		HideSolutionNode = FALSE
	EndGlobalSection
	GlobalSection(ExtensibilityGlobals) = postSolution
		SolutionGuid = {C4CC44CD-2107-494D-B948-56ACDFFA4C54}
	EndGlobalSection
EndGlobal
